
Microsoft Visual Studio Solution File, Format Version 12.00
# Visual Studio Version 17
VisualStudioVersion = 17.4.33403.182
MinimumVisualStudioVersion = 10.0.40219.1
Project("{9A19103F-16F7-4668-BE54-9A1E7A4F7556}") = "NunitTest", "NunitTest\NunitTest.csproj", "{3DA9BAB4-316C-4CF1-AB86-EEB962E617EE}"
EndProject
Project("{2150E333-8FDC-42A3-9474-1A3956D46DE8}") = "Элементы решения", "Элементы решения", "{2FA17F4A-7557-4637-B84F-C503179A4D6E}"
	ProjectSection(SolutionItems) = preProject
		Core\obj\Core.csproj.nuget.dgspec.json = Core\obj\Core.csproj.nuget.dgspec.json
	EndProjectSection
EndProject
Project("{9A19103F-16F7-4668-BE54-9A1E7A4F7556}") = "Core", "Core\Core.csproj", "{176E3BEE-E34E-4EFC-95C7-9CE8FA5F9AFD}"
EndProject
Global
	GlobalSection(SolutionConfigurationPlatforms) = preSolution
		Debug|Any CPU = Debug|Any CPU
		Release|Any CPU = Release|Any CPU
	EndGlobalSection
	GlobalSection(ProjectConfigurationPlatforms) = postSolution
		{3DA9BAB4-316C-4CF1-AB86-EEB962E617EE}.Debug|Any CPU.ActiveCfg = Debug|Any CPU
		{3DA9BAB4-316C-4CF1-AB86-EEB962E617EE}.Debug|Any CPU.Build.0 = Debug|Any CPU
		{3DA9BAB4-316C-4CF1-AB86-EEB962E617EE}.Release|Any CPU.ActiveCfg = Release|Any CPU
		{3DA9BAB4-316C-4CF1-AB86-EEB962E617EE}.Release|Any CPU.Build.0 = Release|Any CPU
		{176E3BEE-E34E-4EFC-95C7-9CE8FA5F9AFD}.Debug|Any CPU.ActiveCfg = Debug|Any CPU
		{176E3BEE-E34E-4EFC-95C7-9CE8FA5F9AFD}.Debug|Any CPU.Build.0 = Debug|Any CPU
		{176E3BEE-E34E-4EFC-95C7-9CE8FA5F9AFD}.Release|Any CPU.ActiveCfg = Release|Any CPU
		{176E3BEE-E34E-4EFC-95C7-9CE8FA5F9AFD}.Release|Any CPU.Build.0 = Release|Any CPU
	EndGlobalSection
	GlobalSection(SolutionProperties) = preSolution
		HideSolutionNode = FALSE
	EndGlobalSection
	GlobalSection(ExtensibilityGlobals) = postSolution
		SolutionGuid = {2C5C8BA9-BE36-413A-AB4A-F331977FFE10}
	EndGlobalSection
EndGlobal
