
Microsoft Visual Studio Solution File, Format Version 12.00
# Visual Studio Version 17
VisualStudioVersion = 17.4.33403.182
MinimumVisualStudioVersion = 10.0.40219.1
Project("{FAE04EC0-301F-11D3-BF4B-00C04F79EFBC}") = "NunitTest_Selenium", "NunitTest_Selenium\NunitTest_Selenium.csproj", "{D9959374-C37F-403E-9ED6-1095D0E0C2A9}"
EndProject
Global
	GlobalSection(SolutionConfigurationPlatforms) = preSolution
		Debug|Any CPU = Debug|Any CPU
		Release|Any CPU = Release|Any CPU
	EndGlobalSection
	GlobalSection(ProjectConfigurationPlatforms) = postSolution
		{D9959374-C37F-403E-9ED6-1095D0E0C2A9}.Debug|Any CPU.ActiveCfg = Debug|Any CPU
		{D9959374-C37F-403E-9ED6-1095D0E0C2A9}.Debug|Any CPU.Build.0 = Debug|Any CPU
		{D9959374-C37F-403E-9ED6-1095D0E0C2A9}.Release|Any CPU.ActiveCfg = Release|Any CPU
		{D9959374-C37F-403E-9ED6-1095D0E0C2A9}.Release|Any CPU.Build.0 = Release|Any CPU
	EndGlobalSection
	GlobalSection(SolutionProperties) = preSolution
		HideSolutionNode = FALSE
	EndGlobalSection
	GlobalSection(ExtensibilityGlobals) = postSolution
		SolutionGuid = {DC68CF48-09AF-411A-A468-C56BBBB6DD8A}
	EndGlobalSection
EndGlobal
